// !$*UTF8*$!
{
	archiveVersion = 1;
	classes = {
	};
	objectVersion = 51;
	objects = {

/* Begin PBXBuildFile section */
		02A615773F2C0EC4AC12BF03 /* Pods_TreasureHuntTests.framework in Frameworks */ = {isa = PBXBuildFile; fileRef = 898ED54C0E829DF5093421B9 /* Pods_TreasureHuntTests.framework */; };
		053FD4EBA05221291100721F /* Pods_TreasureHunt.framework in Frameworks */ = {isa = PBXBuildFile; fileRef = 3506DE6A46D5307901ED5933 /* Pods_TreasureHunt.framework */; };
		25232475261F5D7400DC501D /* TeamDetailsViewController.swift in Sources */ = {isa = PBXBuildFile; fileRef = 25232474261F5D7400DC501D /* TeamDetailsViewController.swift */; };
		25FCBD8725F976C30097FC20 /* AppDelegate.swift in Sources */ = {isa = PBXBuildFile; fileRef = 25FCBD8625F976C30097FC20 /* AppDelegate.swift */; };
		25FCBD8925F976C30097FC20 /* SceneDelegate.swift in Sources */ = {isa = PBXBuildFile; fileRef = 25FCBD8825F976C30097FC20 /* SceneDelegate.swift */; };
		25FCBD8B25F976C30097FC20 /* MainViewController.swift in Sources */ = {isa = PBXBuildFile; fileRef = 25FCBD8A25F976C30097FC20 /* MainViewController.swift */; };
		25FCBD8E25F976C30097FC20 /* Main.storyboard in Resources */ = {isa = PBXBuildFile; fileRef = 25FCBD8C25F976C30097FC20 /* Main.storyboard */; };
		25FCBD9025F976C40097FC20 /* Assets.xcassets in Resources */ = {isa = PBXBuildFile; fileRef = 25FCBD8F25F976C40097FC20 /* Assets.xcassets */; };
		25FCBD9325F976C40097FC20 /* LaunchScreen.storyboard in Resources */ = {isa = PBXBuildFile; fileRef = 25FCBD9125F976C40097FC20 /* LaunchScreen.storyboard */; };
		25FCBDA925F976C40097FC20 /* TreasureHuntUITests.swift in Sources */ = {isa = PBXBuildFile; fileRef = 25FCBDA825F976C40097FC20 /* TreasureHuntUITests.swift */; };
		B51FC0C826239879008132DC /* TeamMember.swift in Sources */ = {isa = PBXBuildFile; fileRef = B51FC0C726239879008132DC /* TeamMember.swift */; };
		B51FC0D426239DEE008132DC /* DatabaseManager.swift in Sources */ = {isa = PBXBuildFile; fileRef = B51FC0D326239DEE008132DC /* DatabaseManager.swift */; };
		B51FC0DC2623C376008132DC /* Flag.swift in Sources */ = {isa = PBXBuildFile; fileRef = B51FC0DB2623C376008132DC /* Flag.swift */; };
		B51FC0E52623C67A008132DC /* FlagsViewController.swift in Sources */ = {isa = PBXBuildFile; fileRef = B51FC0E42623C67A008132DC /* FlagsViewController.swift */; };
		B51FC0EA2623C716008132DC /* FlagDetailsViewController.swift in Sources */ = {isa = PBXBuildFile; fileRef = B51FC0E92623C716008132DC /* FlagDetailsViewController.swift */; };
		B51FC0EF2623C730008132DC /* FlagAddViewController.swift in Sources */ = {isa = PBXBuildFile; fileRef = B51FC0EE2623C72F008132DC /* FlagAddViewController.swift */; };
		B51FC0F42623C85C008132DC /* AchivmentsViewController.swift in Sources */ = {isa = PBXBuildFile; fileRef = B51FC0F32623C85C008132DC /* AchivmentsViewController.swift */; };
		B5568AF426289A050021C163 /* GoogleService-Info.plist in Resources */ = {isa = PBXBuildFile; fileRef = B5568AF326289A050021C163 /* GoogleService-Info.plist */; };
		B5568AF526289A050021C163 /* GoogleService-Info.plist in Resources */ = {isa = PBXBuildFile; fileRef = B5568AF326289A050021C163 /* GoogleService-Info.plist */; };
		B5568AF626289A050021C163 /* GoogleService-Info.plist in Resources */ = {isa = PBXBuildFile; fileRef = B5568AF326289A050021C163 /* GoogleService-Info.plist */; };
		B5CFCCF226234A36005A44BD /* TeamViewController.swift in Sources */ = {isa = PBXBuildFile; fileRef = B5CFCCF126234A36005A44BD /* TeamViewController.swift */; };
		B5CFCCFB26234ACE005A44BD /* AddTeamViewController.swift in Sources */ = {isa = PBXBuildFile; fileRef = B5CFCCFA26234ACE005A44BD /* AddTeamViewController.swift */; };
		D1E5A693F49F09DFDA7AFBE1 /* Pods_TreasureHunt_TreasureHuntUITests.framework in Frameworks */ = {isa = PBXBuildFile; fileRef = DF935EA393A0D37DAF7D852D /* Pods_TreasureHunt_TreasureHuntUITests.framework */; };
/* End PBXBuildFile section */

/* Begin PBXContainerItemProxy section */
		25FCBD9A25F976C40097FC20 /* PBXContainerItemProxy */ = {
			isa = PBXContainerItemProxy;
			containerPortal = 25FCBD7B25F976C30097FC20 /* Project object */;
			proxyType = 1;
			remoteGlobalIDString = 25FCBD8225F976C30097FC20;
			remoteInfo = TreasureHunt;
		};
		25FCBDA525F976C40097FC20 /* PBXContainerItemProxy */ = {
			isa = PBXContainerItemProxy;
			containerPortal = 25FCBD7B25F976C30097FC20 /* Project object */;
			proxyType = 1;
			remoteGlobalIDString = 25FCBD8225F976C30097FC20;
			remoteInfo = TreasureHunt;
		};
/* End PBXContainerItemProxy section */

/* Begin PBXFileReference section */
		03C89B2B691DE8457C42601E /* Pods-TreasureHunt-TreasureHuntUITests.debug.xcconfig */ = {isa = PBXFileReference; includeInIndex = 1; lastKnownFileType = text.xcconfig; name = "Pods-TreasureHunt-TreasureHuntUITests.debug.xcconfig"; path = "Target Support Files/Pods-TreasureHunt-TreasureHuntUITests/Pods-TreasureHunt-TreasureHuntUITests.debug.xcconfig"; sourceTree = "<group>"; };
		241BA72A4FD32EB7B36CF03C /* Pods-TreasureHuntTests.debug.xcconfig */ = {isa = PBXFileReference; includeInIndex = 1; lastKnownFileType = text.xcconfig; name = "Pods-TreasureHuntTests.debug.xcconfig"; path = "Target Support Files/Pods-TreasureHuntTests/Pods-TreasureHuntTests.debug.xcconfig"; sourceTree = "<group>"; };
		25232474261F5D7400DC501D /* TeamDetailsViewController.swift */ = {isa = PBXFileReference; lastKnownFileType = sourcecode.swift; path = TeamDetailsViewController.swift; sourceTree = "<group>"; };
		25FCBD8325F976C30097FC20 /* TreasureHunt.app */ = {isa = PBXFileReference; explicitFileType = wrapper.application; includeInIndex = 0; path = TreasureHunt.app; sourceTree = BUILT_PRODUCTS_DIR; };
		25FCBD8625F976C30097FC20 /* AppDelegate.swift */ = {isa = PBXFileReference; lastKnownFileType = sourcecode.swift; path = AppDelegate.swift; sourceTree = "<group>"; };
		25FCBD8825F976C30097FC20 /* SceneDelegate.swift */ = {isa = PBXFileReference; lastKnownFileType = sourcecode.swift; path = SceneDelegate.swift; sourceTree = "<group>"; };
		25FCBD8A25F976C30097FC20 /* MainViewController.swift */ = {isa = PBXFileReference; lastKnownFileType = sourcecode.swift; path = MainViewController.swift; sourceTree = "<group>"; };
		25FCBD8D25F976C30097FC20 /* Base */ = {isa = PBXFileReference; lastKnownFileType = file.storyboard; name = Base; path = Base.lproj/Main.storyboard; sourceTree = "<group>"; };
		25FCBD8F25F976C40097FC20 /* Assets.xcassets */ = {isa = PBXFileReference; lastKnownFileType = folder.assetcatalog; path = Assets.xcassets; sourceTree = "<group>"; };
		25FCBD9225F976C40097FC20 /* Base */ = {isa = PBXFileReference; lastKnownFileType = file.storyboard; name = Base; path = Base.lproj/LaunchScreen.storyboard; sourceTree = "<group>"; };
		25FCBD9425F976C40097FC20 /* Info.plist */ = {isa = PBXFileReference; lastKnownFileType = text.plist.xml; path = Info.plist; sourceTree = "<group>"; };
		25FCBD9925F976C40097FC20 /* TreasureHuntTests.xctest */ = {isa = PBXFileReference; explicitFileType = wrapper.cfbundle; includeInIndex = 0; path = TreasureHuntTests.xctest; sourceTree = BUILT_PRODUCTS_DIR; };
		25FCBD9F25F976C40097FC20 /* Info.plist */ = {isa = PBXFileReference; lastKnownFileType = text.plist.xml; path = Info.plist; sourceTree = "<group>"; };
		25FCBDA425F976C40097FC20 /* TreasureHuntUITests.xctest */ = {isa = PBXFileReference; explicitFileType = wrapper.cfbundle; includeInIndex = 0; path = TreasureHuntUITests.xctest; sourceTree = BUILT_PRODUCTS_DIR; };
		25FCBDA825F976C40097FC20 /* TreasureHuntUITests.swift */ = {isa = PBXFileReference; lastKnownFileType = sourcecode.swift; path = TreasureHuntUITests.swift; sourceTree = "<group>"; };
		25FCBDAA25F976C40097FC20 /* Info.plist */ = {isa = PBXFileReference; lastKnownFileType = text.plist.xml; path = Info.plist; sourceTree = "<group>"; };
		3506DE6A46D5307901ED5933 /* Pods_TreasureHunt.framework */ = {isa = PBXFileReference; explicitFileType = wrapper.framework; includeInIndex = 0; path = Pods_TreasureHunt.framework; sourceTree = BUILT_PRODUCTS_DIR; };
		43C89163DBEECB52F0F43DF8 /* Pods-TreasureHunt.debug.xcconfig */ = {isa = PBXFileReference; includeInIndex = 1; lastKnownFileType = text.xcconfig; name = "Pods-TreasureHunt.debug.xcconfig"; path = "Target Support Files/Pods-TreasureHunt/Pods-TreasureHunt.debug.xcconfig"; sourceTree = "<group>"; };
		58B0544CF92DA39FD2894FD6 /* Pods-TreasureHuntTests.release.xcconfig */ = {isa = PBXFileReference; includeInIndex = 1; lastKnownFileType = text.xcconfig; name = "Pods-TreasureHuntTests.release.xcconfig"; path = "Target Support Files/Pods-TreasureHuntTests/Pods-TreasureHuntTests.release.xcconfig"; sourceTree = "<group>"; };
		62E101DCD3388DA07ACD2404 /* Pods-TreasureHunt-TreasureHuntUITests.release.xcconfig */ = {isa = PBXFileReference; includeInIndex = 1; lastKnownFileType = text.xcconfig; name = "Pods-TreasureHunt-TreasureHuntUITests.release.xcconfig"; path = "Target Support Files/Pods-TreasureHunt-TreasureHuntUITests/Pods-TreasureHunt-TreasureHuntUITests.release.xcconfig"; sourceTree = "<group>"; };
		898ED54C0E829DF5093421B9 /* Pods_TreasureHuntTests.framework */ = {isa = PBXFileReference; explicitFileType = wrapper.framework; includeInIndex = 0; path = Pods_TreasureHuntTests.framework; sourceTree = BUILT_PRODUCTS_DIR; };
		B51FC0C726239879008132DC /* TeamMember.swift */ = {isa = PBXFileReference; lastKnownFileType = sourcecode.swift; path = TeamMember.swift; sourceTree = "<group>"; };
		B51FC0D326239DEE008132DC /* DatabaseManager.swift */ = {isa = PBXFileReference; lastKnownFileType = sourcecode.swift; path = DatabaseManager.swift; sourceTree = "<group>"; };
		B51FC0DB2623C376008132DC /* Flag.swift */ = {isa = PBXFileReference; lastKnownFileType = sourcecode.swift; path = Flag.swift; sourceTree = "<group>"; };
		B51FC0E42623C67A008132DC /* FlagsViewController.swift */ = {isa = PBXFileReference; lastKnownFileType = sourcecode.swift; path = FlagsViewController.swift; sourceTree = "<group>"; };
		B51FC0E92623C716008132DC /* FlagDetailsViewController.swift */ = {isa = PBXFileReference; lastKnownFileType = sourcecode.swift; path = FlagDetailsViewController.swift; sourceTree = "<group>"; };
		B51FC0EE2623C72F008132DC /* FlagAddViewController.swift */ = {isa = PBXFileReference; lastKnownFileType = sourcecode.swift; path = FlagAddViewController.swift; sourceTree = "<group>"; };
		B51FC0F32623C85C008132DC /* AchivmentsViewController.swift */ = {isa = PBXFileReference; lastKnownFileType = sourcecode.swift; path = AchivmentsViewController.swift; sourceTree = "<group>"; };
		B5568AF326289A050021C163 /* GoogleService-Info.plist */ = {isa = PBXFileReference; fileEncoding = 4; lastKnownFileType = text.plist.xml; path = "GoogleService-Info.plist"; sourceTree = "<group>"; };
		B5CFCCF126234A36005A44BD /* TeamViewController.swift */ = {isa = PBXFileReference; lastKnownFileType = sourcecode.swift; path = TeamViewController.swift; sourceTree = "<group>"; };
		B5CFCCFA26234ACE005A44BD /* AddTeamViewController.swift */ = {isa = PBXFileReference; lastKnownFileType = sourcecode.swift; path = AddTeamViewController.swift; sourceTree = "<group>"; };
		DF935EA393A0D37DAF7D852D /* Pods_TreasureHunt_TreasureHuntUITests.framework */ = {isa = PBXFileReference; explicitFileType = wrapper.framework; includeInIndex = 0; path = Pods_TreasureHunt_TreasureHuntUITests.framework; sourceTree = BUILT_PRODUCTS_DIR; };
		FE6CA16399DC2400BDF93C6D /* Pods-TreasureHunt.release.xcconfig */ = {isa = PBXFileReference; includeInIndex = 1; lastKnownFileType = text.xcconfig; name = "Pods-TreasureHunt.release.xcconfig"; path = "Target Support Files/Pods-TreasureHunt/Pods-TreasureHunt.release.xcconfig"; sourceTree = "<group>"; };
/* End PBXFileReference section */

/* Begin PBXFrameworksBuildPhase section */
		25FCBD8025F976C30097FC20 /* Frameworks */ = {
			isa = PBXFrameworksBuildPhase;
			buildActionMask = 2147483647;
			files = (
				053FD4EBA05221291100721F /* Pods_TreasureHunt.framework in Frameworks */,
			);
			runOnlyForDeploymentPostprocessing = 0;
		};
		25FCBD9625F976C40097FC20 /* Frameworks */ = {
			isa = PBXFrameworksBuildPhase;
			buildActionMask = 2147483647;
			files = (
				02A615773F2C0EC4AC12BF03 /* Pods_TreasureHuntTests.framework in Frameworks */,
			);
			runOnlyForDeploymentPostprocessing = 0;
		};
		25FCBDA125F976C40097FC20 /* Frameworks */ = {
			isa = PBXFrameworksBuildPhase;
			buildActionMask = 2147483647;
			files = (
				D1E5A693F49F09DFDA7AFBE1 /* Pods_TreasureHunt_TreasureHuntUITests.framework in Frameworks */,
			);
			runOnlyForDeploymentPostprocessing = 0;
		};
/* End PBXFrameworksBuildPhase section */

/* Begin PBXGroup section */
		25FCBD7A25F976C30097FC20 = {
			isa = PBXGroup;
			children = (
				25FCBD8525F976C30097FC20 /* TreasureHunt */,
				25FCBD9C25F976C40097FC20 /* TreasureHuntTests */,
				25FCBDA725F976C40097FC20 /* TreasureHuntUITests */,
				25FCBD8425F976C30097FC20 /* Products */,
				AD045F747C9228331C2A07E2 /* Pods */,
				B3FD8B18C9DDE7CA8DEE8528 /* Frameworks */,
			);
			sourceTree = "<group>";
		};
		25FCBD8425F976C30097FC20 /* Products */ = {
			isa = PBXGroup;
			children = (
				25FCBD8325F976C30097FC20 /* TreasureHunt.app */,
				25FCBD9925F976C40097FC20 /* TreasureHuntTests.xctest */,
				25FCBDA425F976C40097FC20 /* TreasureHuntUITests.xctest */,
			);
			name = Products;
			sourceTree = "<group>";
		};
		25FCBD8525F976C30097FC20 /* TreasureHunt */ = {
			isa = PBXGroup;
			children = (
				B51FC0D226239DA4008132DC /* Resources */,
				B51FC0C3262397BB008132DC /* Models */,
				B5CFCCEC262348D2005A44BD /* Views */,
				25FCBD8F25F976C40097FC20 /* Assets.xcassets */,
				25FCBD9425F976C40097FC20 /* Info.plist */,
				B5568AF326289A050021C163 /* GoogleService-Info.plist */,
			);
			path = TreasureHunt;
			sourceTree = "<group>";
		};
		25FCBD9C25F976C40097FC20 /* TreasureHuntTests */ = {
			isa = PBXGroup;
			children = (
				25FCBD9F25F976C40097FC20 /* Info.plist */,
			);
			path = TreasureHuntTests;
			sourceTree = "<group>";
		};
		25FCBDA725F976C40097FC20 /* TreasureHuntUITests */ = {
			isa = PBXGroup;
			children = (
				25FCBDA825F976C40097FC20 /* TreasureHuntUITests.swift */,
				25FCBDAA25F976C40097FC20 /* Info.plist */,
			);
			path = TreasureHuntUITests;
			sourceTree = "<group>";
		};
		AD045F747C9228331C2A07E2 /* Pods */ = {
			isa = PBXGroup;
			children = (
				43C89163DBEECB52F0F43DF8 /* Pods-TreasureHunt.debug.xcconfig */,
				FE6CA16399DC2400BDF93C6D /* Pods-TreasureHunt.release.xcconfig */,
				03C89B2B691DE8457C42601E /* Pods-TreasureHunt-TreasureHuntUITests.debug.xcconfig */,
				62E101DCD3388DA07ACD2404 /* Pods-TreasureHunt-TreasureHuntUITests.release.xcconfig */,
				241BA72A4FD32EB7B36CF03C /* Pods-TreasureHuntTests.debug.xcconfig */,
				58B0544CF92DA39FD2894FD6 /* Pods-TreasureHuntTests.release.xcconfig */,
			);
			path = Pods;
			sourceTree = "<group>";
		};
		B3FD8B18C9DDE7CA8DEE8528 /* Frameworks */ = {
			isa = PBXGroup;
			children = (
				3506DE6A46D5307901ED5933 /* Pods_TreasureHunt.framework */,
				DF935EA393A0D37DAF7D852D /* Pods_TreasureHunt_TreasureHuntUITests.framework */,
				898ED54C0E829DF5093421B9 /* Pods_TreasureHuntTests.framework */,
			);
			name = Frameworks;
			sourceTree = "<group>";
		};
		B51FC0C3262397BB008132DC /* Models */ = {
			isa = PBXGroup;
			children = (
				B51FC0C726239879008132DC /* TeamMember.swift */,
				B51FC0DB2623C376008132DC /* Flag.swift */,
			);
			path = Models;
			sourceTree = "<group>";
		};
		B51FC0D226239DA4008132DC /* Resources */ = {
			isa = PBXGroup;
			children = (
				25FCBD8625F976C30097FC20 /* AppDelegate.swift */,
				25FCBD8825F976C30097FC20 /* SceneDelegate.swift */,
				B51FC0D326239DEE008132DC /* DatabaseManager.swift */,
			);
			path = Resources;
			sourceTree = "<group>";
		};
		B51FC0E02623C3E5008132DC /* FlagViews */ = {
			isa = PBXGroup;
			children = (
				B51FC0E42623C67A008132DC /* FlagsViewController.swift */,
				B51FC0E92623C716008132DC /* FlagDetailsViewController.swift */,
				B51FC0EE2623C72F008132DC /* FlagAddViewController.swift */,
			);
			path = FlagViews;
			sourceTree = "<group>";
		};
		B5CFCCEC262348D2005A44BD /* Views */ = {
			isa = PBXGroup;
			children = (
				B51FC0E02623C3E5008132DC /* FlagViews */,
				B5CFCCF926234AAC005A44BD /* TeamViews */,
				25FCBD8A25F976C30097FC20 /* MainViewController.swift */,
				B5CFCCED262348F0005A44BD /* Storyboard */,
				B51FC0F32623C85C008132DC /* AchivmentsViewController.swift */,
			);
			path = Views;
			sourceTree = "<group>";
		};
		B5CFCCED262348F0005A44BD /* Storyboard */ = {
			isa = PBXGroup;
			children = (
				25FCBD8C25F976C30097FC20 /* Main.storyboard */,
				25FCBD9125F976C40097FC20 /* LaunchScreen.storyboard */,
			);
			path = Storyboard;
			sourceTree = "<group>";
		};
		B5CFCCF926234AAC005A44BD /* TeamViews */ = {
			isa = PBXGroup;
			children = (
				25232474261F5D7400DC501D /* TeamDetailsViewController.swift */,
				B5CFCCF126234A36005A44BD /* TeamViewController.swift */,
				B5CFCCFA26234ACE005A44BD /* AddTeamViewController.swift */,
			);
			path = TeamViews;
			sourceTree = "<group>";
		};
/* End PBXGroup section */

/* Begin PBXNativeTarget section */
		25FCBD8225F976C30097FC20 /* TreasureHunt */ = {
			isa = PBXNativeTarget;
			buildConfigurationList = 25FCBDAD25F976C40097FC20 /* Build configuration list for PBXNativeTarget "TreasureHunt" */;
			buildPhases = (
				BE1CAFEE4E8A0ADACB750AA2 /* [CP] Check Pods Manifest.lock */,
				25FCBD7F25F976C30097FC20 /* Sources */,
				25FCBD8025F976C30097FC20 /* Frameworks */,
				25FCBD8125F976C30097FC20 /* Resources */,
				831EC68622F40572CEBE3F12 /* [CP] Embed Pods Frameworks */,
			);
			buildRules = (
			);
			dependencies = (
			);
			name = TreasureHunt;
			productName = TreasureHunt;
			productReference = 25FCBD8325F976C30097FC20 /* TreasureHunt.app */;
			productType = "com.apple.product-type.application";
		};
		25FCBD9825F976C40097FC20 /* TreasureHuntTests */ = {
			isa = PBXNativeTarget;
			buildConfigurationList = 25FCBDB025F976C40097FC20 /* Build configuration list for PBXNativeTarget "TreasureHuntTests" */;
			buildPhases = (
				91DEFE868C6775F5A942F048 /* [CP] Check Pods Manifest.lock */,
				25FCBD9525F976C40097FC20 /* Sources */,
				25FCBD9625F976C40097FC20 /* Frameworks */,
				25FCBD9725F976C40097FC20 /* Resources */,
			);
			buildRules = (
			);
			dependencies = (
				25FCBD9B25F976C40097FC20 /* PBXTargetDependency */,
			);
			name = TreasureHuntTests;
			productName = TreasureHuntTests;
			productReference = 25FCBD9925F976C40097FC20 /* TreasureHuntTests.xctest */;
			productType = "com.apple.product-type.bundle.unit-test";
		};
		25FCBDA325F976C40097FC20 /* TreasureHuntUITests */ = {
			isa = PBXNativeTarget;
			buildConfigurationList = 25FCBDB325F976C40097FC20 /* Build configuration list for PBXNativeTarget "TreasureHuntUITests" */;
			buildPhases = (
				C8D6CD91BD24CF4406C60C4E /* [CP] Check Pods Manifest.lock */,
				25FCBDA025F976C40097FC20 /* Sources */,
				25FCBDA125F976C40097FC20 /* Frameworks */,
				25FCBDA225F976C40097FC20 /* Resources */,
				B4F281585A4AB1B95220A00A /* [CP] Embed Pods Frameworks */,
			);
			buildRules = (
			);
			dependencies = (
				25FCBDA625F976C40097FC20 /* PBXTargetDependency */,
			);
			name = TreasureHuntUITests;
			productName = TreasureHuntUITests;
			productReference = 25FCBDA425F976C40097FC20 /* TreasureHuntUITests.xctest */;
			productType = "com.apple.product-type.bundle.ui-testing";
		};
/* End PBXNativeTarget section */

/* Begin PBXProject section */
		25FCBD7B25F976C30097FC20 /* Project object */ = {
			isa = PBXProject;
			attributes = {
				LastSwiftUpdateCheck = 1240;
				LastUpgradeCheck = 1240;
				TargetAttributes = {
					25FCBD8225F976C30097FC20 = {
						CreatedOnToolsVersion = 12.4;
					};
					25FCBD9825F976C40097FC20 = {
						CreatedOnToolsVersion = 12.4;
						TestTargetID = 25FCBD8225F976C30097FC20;
					};
					25FCBDA325F976C40097FC20 = {
						CreatedOnToolsVersion = 12.4;
						TestTargetID = 25FCBD8225F976C30097FC20;
					};
				};
			};
			buildConfigurationList = 25FCBD7E25F976C30097FC20 /* Build configuration list for PBXProject "TreasureHunt" */;
			compatibilityVersion = "Xcode 9.3";
			developmentRegion = en;
			hasScannedForEncodings = 0;
			knownRegions = (
				en,
				Base,
			);
			mainGroup = 25FCBD7A25F976C30097FC20;
			productRefGroup = 25FCBD8425F976C30097FC20 /* Products */;
			projectDirPath = "";
			projectRoot = "";
			targets = (
				25FCBD8225F976C30097FC20 /* TreasureHunt */,
				25FCBD9825F976C40097FC20 /* TreasureHuntTests */,
				25FCBDA325F976C40097FC20 /* TreasureHuntUITests */,
			);
		};
/* End PBXProject section */

/* Begin PBXResourcesBuildPhase section */
		25FCBD8125F976C30097FC20 /* Resources */ = {
			isa = PBXResourcesBuildPhase;
			buildActionMask = 2147483647;
			files = (
				25FCBD9325F976C40097FC20 /* LaunchScreen.storyboard in Resources */,
				B5568AF426289A050021C163 /* GoogleService-Info.plist in Resources */,
				25FCBD9025F976C40097FC20 /* Assets.xcassets in Resources */,
				25FCBD8E25F976C30097FC20 /* Main.storyboard in Resources */,
			);
			runOnlyForDeploymentPostprocessing = 0;
		};
		25FCBD9725F976C40097FC20 /* Resources */ = {
			isa = PBXResourcesBuildPhase;
			buildActionMask = 2147483647;
			files = (
				B5568AF526289A050021C163 /* GoogleService-Info.plist in Resources */,
			);
			runOnlyForDeploymentPostprocessing = 0;
		};
		25FCBDA225F976C40097FC20 /* Resources */ = {
			isa = PBXResourcesBuildPhase;
			buildActionMask = 2147483647;
			files = (
				B5568AF626289A050021C163 /* GoogleService-Info.plist in Resources */,
			);
			runOnlyForDeploymentPostprocessing = 0;
		};
/* End PBXResourcesBuildPhase section */

/* Begin PBXShellScriptBuildPhase section */
		831EC68622F40572CEBE3F12 /* [CP] Embed Pods Frameworks */ = {
			isa = PBXShellScriptBuildPhase;
			buildActionMask = 2147483647;
			files = (
			);
			inputFileListPaths = (
				"${PODS_ROOT}/Target Support Files/Pods-TreasureHunt/Pods-TreasureHunt-frameworks-${CONFIGURATION}-input-files.xcfilelist",
			);
			name = "[CP] Embed Pods Frameworks";
			outputFileListPaths = (
				"${PODS_ROOT}/Target Support Files/Pods-TreasureHunt/Pods-TreasureHunt-frameworks-${CONFIGURATION}-output-files.xcfilelist",
			);
			runOnlyForDeploymentPostprocessing = 0;
			shellPath = /bin/sh;
			shellScript = "\"${PODS_ROOT}/Target Support Files/Pods-TreasureHunt/Pods-TreasureHunt-frameworks.sh\"\n";
			showEnvVarsInLog = 0;
		};
		91DEFE868C6775F5A942F048 /* [CP] Check Pods Manifest.lock */ = {
			isa = PBXShellScriptBuildPhase;
			buildActionMask = 2147483647;
			files = (
			);
			inputFileListPaths = (
			);
			inputPaths = (
				"${PODS_PODFILE_DIR_PATH}/Podfile.lock",
				"${PODS_ROOT}/Manifest.lock",
			);
			name = "[CP] Check Pods Manifest.lock";
			outputFileListPaths = (
			);
			outputPaths = (
				"$(DERIVED_FILE_DIR)/Pods-TreasureHuntTests-checkManifestLockResult.txt",
			);
			runOnlyForDeploymentPostprocessing = 0;
			shellPath = /bin/sh;
			shellScript = "diff \"${PODS_PODFILE_DIR_PATH}/Podfile.lock\" \"${PODS_ROOT}/Manifest.lock\" > /dev/null\nif [ $? != 0 ] ; then\n    # print error to STDERR\n    echo \"error: The sandbox is not in sync with the Podfile.lock. Run 'pod install' or update your CocoaPods installation.\" >&2\n    exit 1\nfi\n# This output is used by Xcode 'outputs' to avoid re-running this script phase.\necho \"SUCCESS\" > \"${SCRIPT_OUTPUT_FILE_0}\"\n";
			showEnvVarsInLog = 0;
		};
		B4F281585A4AB1B95220A00A /* [CP] Embed Pods Frameworks */ = {
			isa = PBXShellScriptBuildPhase;
			buildActionMask = 2147483647;
			files = (
			);
			inputFileListPaths = (
				"${PODS_ROOT}/Target Support Files/Pods-TreasureHunt-TreasureHuntUITests/Pods-TreasureHunt-TreasureHuntUITests-frameworks-${CONFIGURATION}-input-files.xcfilelist",
			);
			name = "[CP] Embed Pods Frameworks";
			outputFileListPaths = (
				"${PODS_ROOT}/Target Support Files/Pods-TreasureHunt-TreasureHuntUITests/Pods-TreasureHunt-TreasureHuntUITests-frameworks-${CONFIGURATION}-output-files.xcfilelist",
			);
			runOnlyForDeploymentPostprocessing = 0;
			shellPath = /bin/sh;
			shellScript = "\"${PODS_ROOT}/Target Support Files/Pods-TreasureHunt-TreasureHuntUITests/Pods-TreasureHunt-TreasureHuntUITests-frameworks.sh\"\n";
			showEnvVarsInLog = 0;
		};
		BE1CAFEE4E8A0ADACB750AA2 /* [CP] Check Pods Manifest.lock */ = {
			isa = PBXShellScriptBuildPhase;
			buildActionMask = 2147483647;
			files = (
			);
			inputFileListPaths = (
			);
			inputPaths = (
				"${PODS_PODFILE_DIR_PATH}/Podfile.lock",
				"${PODS_ROOT}/Manifest.lock",
			);
			name = "[CP] Check Pods Manifest.lock";
			outputFileListPaths = (
			);
			outputPaths = (
				"$(DERIVED_FILE_DIR)/Pods-TreasureHunt-checkManifestLockResult.txt",
			);
			runOnlyForDeploymentPostprocessing = 0;
			shellPath = /bin/sh;
			shellScript = "diff \"${PODS_PODFILE_DIR_PATH}/Podfile.lock\" \"${PODS_ROOT}/Manifest.lock\" > /dev/null\nif [ $? != 0 ] ; then\n    # print error to STDERR\n    echo \"error: The sandbox is not in sync with the Podfile.lock. Run 'pod install' or update your CocoaPods installation.\" >&2\n    exit 1\nfi\n# This output is used by Xcode 'outputs' to avoid re-running this script phase.\necho \"SUCCESS\" > \"${SCRIPT_OUTPUT_FILE_0}\"\n";
			showEnvVarsInLog = 0;
		};
		C8D6CD91BD24CF4406C60C4E /* [CP] Check Pods Manifest.lock */ = {
			isa = PBXShellScriptBuildPhase;
			buildActionMask = 2147483647;
			files = (
			);
			inputFileListPaths = (
			);
			inputPaths = (
				"${PODS_PODFILE_DIR_PATH}/Podfile.lock",
				"${PODS_ROOT}/Manifest.lock",
			);
			name = "[CP] Check Pods Manifest.lock";
			outputFileListPaths = (
			);
			outputPaths = (
				"$(DERIVED_FILE_DIR)/Pods-TreasureHunt-TreasureHuntUITests-checkManifestLockResult.txt",
			);
			runOnlyForDeploymentPostprocessing = 0;
			shellPath = /bin/sh;
			shellScript = "diff \"${PODS_PODFILE_DIR_PATH}/Podfile.lock\" \"${PODS_ROOT}/Manifest.lock\" > /dev/null\nif [ $? != 0 ] ; then\n    # print error to STDERR\n    echo \"error: The sandbox is not in sync with the Podfile.lock. Run 'pod install' or update your CocoaPods installation.\" >&2\n    exit 1\nfi\n# This output is used by Xcode 'outputs' to avoid re-running this script phase.\necho \"SUCCESS\" > \"${SCRIPT_OUTPUT_FILE_0}\"\n";
			showEnvVarsInLog = 0;
		};
/* End PBXShellScriptBuildPhase section */

/* Begin PBXSourcesBuildPhase section */
		25FCBD7F25F976C30097FC20 /* Sources */ = {
			isa = PBXSourcesBuildPhase;
			buildActionMask = 2147483647;
			files = (
				B51FC0D426239DEE008132DC /* DatabaseManager.swift in Sources */,
				25FCBD8B25F976C30097FC20 /* MainViewController.swift in Sources */,
				B51FC0E52623C67A008132DC /* FlagsViewController.swift in Sources */,
				B5CFCCFB26234ACE005A44BD /* AddTeamViewController.swift in Sources */,
				B51FC0EF2623C730008132DC /* FlagAddViewController.swift in Sources */,
				B51FC0C826239879008132DC /* TeamMember.swift in Sources */,
				B51FC0DC2623C376008132DC /* Flag.swift in Sources */,
				25FCBD8725F976C30097FC20 /* AppDelegate.swift in Sources */,
				25232475261F5D7400DC501D /* TeamDetailsViewController.swift in Sources */,
				B51FC0F42623C85C008132DC /* AchivmentsViewController.swift in Sources */,
				B51FC0EA2623C716008132DC /* FlagDetailsViewController.swift in Sources */,
				25FCBD8925F976C30097FC20 /* SceneDelegate.swift in Sources */,
				B5CFCCF226234A36005A44BD /* TeamViewController.swift in Sources */,
			);
			runOnlyForDeploymentPostprocessing = 0;
		};
		25FCBD9525F976C40097FC20 /* Sources */ = {
			isa = PBXSourcesBuildPhase;
			buildActionMask = 2147483647;
			files = (
			);
			runOnlyForDeploymentPostprocessing = 0;
		};
		25FCBDA025F976C40097FC20 /* Sources */ = {
			isa = PBXSourcesBuildPhase;
			buildActionMask = 2147483647;
			files = (
				25FCBDA925F976C40097FC20 /* TreasureHuntUITests.swift in Sources */,
			);
			runOnlyForDeploymentPostprocessing = 0;
		};
/* End PBXSourcesBuildPhase section */

/* Begin PBXTargetDependency section */
		25FCBD9B25F976C40097FC20 /* PBXTargetDependency */ = {
			isa = PBXTargetDependency;
			target = 25FCBD8225F976C30097FC20 /* TreasureHunt */;
			targetProxy = 25FCBD9A25F976C40097FC20 /* PBXContainerItemProxy */;
		};
		25FCBDA625F976C40097FC20 /* PBXTargetDependency */ = {
			isa = PBXTargetDependency;
			target = 25FCBD8225F976C30097FC20 /* TreasureHunt */;
			targetProxy = 25FCBDA525F976C40097FC20 /* PBXContainerItemProxy */;
		};
/* End PBXTargetDependency section */

/* Begin PBXVariantGroup section */
		25FCBD8C25F976C30097FC20 /* Main.storyboard */ = {
			isa = PBXVariantGroup;
			children = (
				25FCBD8D25F976C30097FC20 /* Base */,
			);
			name = Main.storyboard;
			sourceTree = "<group>";
		};
		25FCBD9125F976C40097FC20 /* LaunchScreen.storyboard */ = {
			isa = PBXVariantGroup;
			children = (
				25FCBD9225F976C40097FC20 /* Base */,
			);
			name = LaunchScreen.storyboard;
			sourceTree = "<group>";
		};
/* End PBXVariantGroup section */

/* Begin XCBuildConfiguration section */
		25FCBDAB25F976C40097FC20 /* Debug */ = {
			isa = XCBuildConfiguration;
			buildSettings = {
				ALWAYS_SEARCH_USER_PATHS = NO;
				CLANG_ANALYZER_NONNULL = YES;
				CLANG_ANALYZER_NUMBER_OBJECT_CONVERSION = YES_AGGRESSIVE;
				CLANG_CXX_LANGUAGE_STANDARD = "gnu++14";
				CLANG_CXX_LIBRARY = "libc++";
				CLANG_ENABLE_MODULES = YES;
				CLANG_ENABLE_OBJC_ARC = YES;
				CLANG_ENABLE_OBJC_WEAK = YES;
				CLANG_WARN_BLOCK_CAPTURE_AUTORELEASING = YES;
				CLANG_WARN_BOOL_CONVERSION = YES;
				CLANG_WARN_COMMA = YES;
				CLANG_WARN_CONSTANT_CONVERSION = YES;
				CLANG_WARN_DEPRECATED_OBJC_IMPLEMENTATIONS = YES;
				CLANG_WARN_DIRECT_OBJC_ISA_USAGE = YES_ERROR;
				CLANG_WARN_DOCUMENTATION_COMMENTS = YES;
				CLANG_WARN_EMPTY_BODY = YES;
				CLANG_WARN_ENUM_CONVERSION = YES;
				CLANG_WARN_INFINITE_RECURSION = YES;
				CLANG_WARN_INT_CONVERSION = YES;
				CLANG_WARN_NON_LITERAL_NULL_CONVERSION = YES;
				CLANG_WARN_OBJC_IMPLICIT_RETAIN_SELF = YES;
				CLANG_WARN_OBJC_LITERAL_CONVERSION = YES;
				CLANG_WARN_OBJC_ROOT_CLASS = YES_ERROR;
				CLANG_WARN_QUOTED_INCLUDE_IN_FRAMEWORK_HEADER = YES;
				CLANG_WARN_RANGE_LOOP_ANALYSIS = YES;
				CLANG_WARN_STRICT_PROTOTYPES = YES;
				CLANG_WARN_SUSPICIOUS_MOVE = YES;
				CLANG_WARN_UNGUARDED_AVAILABILITY = YES_AGGRESSIVE;
				CLANG_WARN_UNREACHABLE_CODE = YES;
				CLANG_WARN__DUPLICATE_METHOD_MATCH = YES;
				COPY_PHASE_STRIP = NO;
				DEBUG_INFORMATION_FORMAT = dwarf;
				ENABLE_STRICT_OBJC_MSGSEND = YES;
				ENABLE_TESTABILITY = YES;
				GCC_C_LANGUAGE_STANDARD = gnu11;
				GCC_DYNAMIC_NO_PIC = NO;
				GCC_NO_COMMON_BLOCKS = YES;
				GCC_OPTIMIZATION_LEVEL = 0;
				GCC_PREPROCESSOR_DEFINITIONS = (
					"DEBUG=1",
					"$(inherited)",
				);
				GCC_WARN_64_TO_32_BIT_CONVERSION = YES;
				GCC_WARN_ABOUT_RETURN_TYPE = YES_ERROR;
				GCC_WARN_UNDECLARED_SELECTOR = YES;
				GCC_WARN_UNINITIALIZED_AUTOS = YES_AGGRESSIVE;
				GCC_WARN_UNUSED_FUNCTION = YES;
				GCC_WARN_UNUSED_VARIABLE = YES;
				IPHONEOS_DEPLOYMENT_TARGET = 14.4;
				MTL_ENABLE_DEBUG_INFO = INCLUDE_SOURCE;
				MTL_FAST_MATH = YES;
				ONLY_ACTIVE_ARCH = YES;
				SDKROOT = iphoneos;
				SWIFT_ACTIVE_COMPILATION_CONDITIONS = DEBUG;
				SWIFT_OPTIMIZATION_LEVEL = "-Onone";
			};
			name = Debug;
		};
		25FCBDAC25F976C40097FC20 /* Release */ = {
			isa = XCBuildConfiguration;
			buildSettings = {
				ALWAYS_SEARCH_USER_PATHS = NO;
				CLANG_ANALYZER_NONNULL = YES;
				CLANG_ANALYZER_NUMBER_OBJECT_CONVERSION = YES_AGGRESSIVE;
				CLANG_CXX_LANGUAGE_STANDARD = "gnu++14";
				CLANG_CXX_LIBRARY = "libc++";
				CLANG_ENABLE_MODULES = YES;
				CLANG_ENABLE_OBJC_ARC = YES;
				CLANG_ENABLE_OBJC_WEAK = YES;
				CLANG_WARN_BLOCK_CAPTURE_AUTORELEASING = YES;
				CLANG_WARN_BOOL_CONVERSION = YES;
				CLANG_WARN_COMMA = YES;
				CLANG_WARN_CONSTANT_CONVERSION = YES;
				CLANG_WARN_DEPRECATED_OBJC_IMPLEMENTATIONS = YES;
				CLANG_WARN_DIRECT_OBJC_ISA_USAGE = YES_ERROR;
				CLANG_WARN_DOCUMENTATION_COMMENTS = YES;
				CLANG_WARN_EMPTY_BODY = YES;
				CLANG_WARN_ENUM_CONVERSION = YES;
				CLANG_WARN_INFINITE_RECURSION = YES;
				CLANG_WARN_INT_CONVERSION = YES;
				CLANG_WARN_NON_LITERAL_NULL_CONVERSION = YES;
				CLANG_WARN_OBJC_IMPLICIT_RETAIN_SELF = YES;
				CLANG_WARN_OBJC_LITERAL_CONVERSION = YES;
				CLANG_WARN_OBJC_ROOT_CLASS = YES_ERROR;
				CLANG_WARN_QUOTED_INCLUDE_IN_FRAMEWORK_HEADER = YES;
				CLANG_WARN_RANGE_LOOP_ANALYSIS = YES;
				CLANG_WARN_STRICT_PROTOTYPES = YES;
				CLANG_WARN_SUSPICIOUS_MOVE = YES;
				CLANG_WARN_UNGUARDED_AVAILABILITY = YES_AGGRESSIVE;
				CLANG_WARN_UNREACHABLE_CODE = YES;
				CLANG_WARN__DUPLICATE_METHOD_MATCH = YES;
				COPY_PHASE_STRIP = NO;
				DEBUG_INFORMATION_FORMAT = "dwarf-with-dsym";
				ENABLE_NS_ASSERTIONS = NO;
				ENABLE_STRICT_OBJC_MSGSEND = YES;
				GCC_C_LANGUAGE_STANDARD = gnu11;
				GCC_NO_COMMON_BLOCKS = YES;
				GCC_WARN_64_TO_32_BIT_CONVERSION = YES;
				GCC_WARN_ABOUT_RETURN_TYPE = YES_ERROR;
				GCC_WARN_UNDECLARED_SELECTOR = YES;
				GCC_WARN_UNINITIALIZED_AUTOS = YES_AGGRESSIVE;
				GCC_WARN_UNUSED_FUNCTION = YES;
				GCC_WARN_UNUSED_VARIABLE = YES;
				IPHONEOS_DEPLOYMENT_TARGET = 14.4;
				MTL_ENABLE_DEBUG_INFO = NO;
				MTL_FAST_MATH = YES;
				SDKROOT = iphoneos;
				SWIFT_COMPILATION_MODE = wholemodule;
				SWIFT_OPTIMIZATION_LEVEL = "-O";
				VALIDATE_PRODUCT = YES;
			};
			name = Release;
		};
		25FCBDAE25F976C40097FC20 /* Debug */ = {
			isa = XCBuildConfiguration;
			baseConfigurationReference = 43C89163DBEECB52F0F43DF8 /* Pods-TreasureHunt.debug.xcconfig */;
			buildSettings = {
				ASSETCATALOG_COMPILER_APPICON_NAME = AppIcon;
				ASSETCATALOG_COMPILER_GLOBAL_ACCENT_COLOR_NAME = AccentColor;
				CODE_SIGN_STYLE = Automatic;
				DEVELOPMENT_TEAM = TV5BFQBG3J;
				INFOPLIST_FILE = TreasureHunt/Info.plist;
				LD_RUNPATH_SEARCH_PATHS = (
					"$(inherited)",
					"@executable_path/Frameworks",
				);
				PRODUCT_BUNDLE_IDENTIFIER = ca.estherjkim.mobiledev.TreasureHunt;
				PRODUCT_NAME = "$(TARGET_NAME)";
				SWIFT_VERSION = 5.0;
				TARGETED_DEVICE_FAMILY = "1,2";
			};
			name = Debug;
		};
		25FCBDAF25F976C40097FC20 /* Release */ = {
			isa = XCBuildConfiguration;
			baseConfigurationReference = FE6CA16399DC2400BDF93C6D /* Pods-TreasureHunt.release.xcconfig */;
			buildSettings = {
				ASSETCATALOG_COMPILER_APPICON_NAME = AppIcon;
				ASSETCATALOG_COMPILER_GLOBAL_ACCENT_COLOR_NAME = AccentColor;
				CODE_SIGN_STYLE = Automatic;
				DEVELOPMENT_TEAM = TV5BFQBG3J;
				INFOPLIST_FILE = TreasureHunt/Info.plist;
				LD_RUNPATH_SEARCH_PATHS = (
					"$(inherited)",
					"@executable_path/Frameworks",
				);
				PRODUCT_BUNDLE_IDENTIFIER = ca.estherjkim.mobiledev.TreasureHunt;
				PRODUCT_NAME = "$(TARGET_NAME)";
				SWIFT_VERSION = 5.0;
				TARGETED_DEVICE_FAMILY = "1,2";
			};
			name = Release;
		};
		25FCBDB125F976C40097FC20 /* Debug */ = {
			isa = XCBuildConfiguration;
			baseConfigurationReference = 241BA72A4FD32EB7B36CF03C /* Pods-TreasureHuntTests.debug.xcconfig */;
			buildSettings = {
				ALWAYS_EMBED_SWIFT_STANDARD_LIBRARIES = YES;
				BUNDLE_LOADER = "$(TEST_HOST)";
				CODE_SIGN_STYLE = Automatic;
				DEVELOPMENT_TEAM = TV5BFQBG3J;
				INFOPLIST_FILE = TreasureHuntTests/Info.plist;
				IPHONEOS_DEPLOYMENT_TARGET = 14.4;
				LD_RUNPATH_SEARCH_PATHS = (
					"$(inherited)",
					"@executable_path/Frameworks",
					"@loader_path/Frameworks",
				);
				PRODUCT_BUNDLE_IDENTIFIER = ca.estherjkim.mobiledev.TreasureHuntTests;
				PRODUCT_NAME = "$(TARGET_NAME)";
				SWIFT_VERSION = 5.0;
				TARGETED_DEVICE_FAMILY = "1,2";
				TEST_HOST = "$(BUILT_PRODUCTS_DIR)/TreasureHunt.app/TreasureHunt";
			};
			name = Debug;
		};
		25FCBDB225F976C40097FC20 /* Release */ = {
			isa = XCBuildConfiguration;
			baseConfigurationReference = 58B0544CF92DA39FD2894FD6 /* Pods-TreasureHuntTests.release.xcconfig */;
			buildSettings = {
				ALWAYS_EMBED_SWIFT_STANDARD_LIBRARIES = YES;
				BUNDLE_LOADER = "$(TEST_HOST)";
				CODE_SIGN_STYLE = Automatic;
				DEVELOPMENT_TEAM = TV5BFQBG3J;
				INFOPLIST_FILE = TreasureHuntTests/Info.plist;
				IPHONEOS_DEPLOYMENT_TARGET = 14.4;
				LD_RUNPATH_SEARCH_PATHS = (
					"$(inherited)",
					"@executable_path/Frameworks",
					"@loader_path/Frameworks",
				);
				PRODUCT_BUNDLE_IDENTIFIER = ca.estherjkim.mobiledev.TreasureHuntTests;
				PRODUCT_NAME = "$(TARGET_NAME)";
				SWIFT_VERSION = 5.0;
				TARGETED_DEVICE_FAMILY = "1,2";
				TEST_HOST = "$(BUILT_PRODUCTS_DIR)/TreasureHunt.app/TreasureHunt";
			};
			name = Release;
		};
		25FCBDB425F976C40097FC20 /* Debug */ = {
			isa = XCBuildConfiguration;
			baseConfigurationReference = 03C89B2B691DE8457C42601E /* Pods-TreasureHunt-TreasureHuntUITests.debug.xcconfig */;
			buildSettings = {
				ALWAYS_EMBED_SWIFT_STANDARD_LIBRARIES = YES;
				CODE_SIGN_STYLE = Automatic;
				DEVELOPMENT_TEAM = TV5BFQBG3J;
				INFOPLIST_FILE = TreasureHuntUITests/Info.plist;
				LD_RUNPATH_SEARCH_PATHS = (
					"$(inherited)",
					"@executable_path/Frameworks",
					"@loader_path/Frameworks",
				);
				PRODUCT_BUNDLE_IDENTIFIER = ca.estherjkim.mobiledev.TreasureHuntUITests;
				PRODUCT_NAME = "$(TARGET_NAME)";
				SWIFT_VERSION = 5.0;
				TARGETED_DEVICE_FAMILY = "1,2";
				TEST_TARGET_NAME = TreasureHunt;
			};
			name = Debug;
		};
		25FCBDB525F976C40097FC20 /* Release */ = {
			isa = XCBuildConfiguration;
			baseConfigurationReference = 62E101DCD3388DA07ACD2404 /* Pods-TreasureHunt-TreasureHuntUITests.release.xcconfig */;
			buildSettings = {
				ALWAYS_EMBED_SWIFT_STANDARD_LIBRARIES = YES;
				CODE_SIGN_STYLE = Automatic;
				DEVELOPMENT_TEAM = TV5BFQBG3J;
				INFOPLIST_FILE = TreasureHuntUITests/Info.plist;
				LD_RUNPATH_SEARCH_PATHS = (
					"$(inherited)",
					"@executable_path/Frameworks",
					"@loader_path/Frameworks",
				);
				PRODUCT_BUNDLE_IDENTIFIER = ca.estherjkim.mobiledev.TreasureHuntUITests;
				PRODUCT_NAME = "$(TARGET_NAME)";
				SWIFT_VERSION = 5.0;
				TARGETED_DEVICE_FAMILY = "1,2";
				TEST_TARGET_NAME = TreasureHunt;
			};
			name = Release;
		};
/* End XCBuildConfiguration section */

/* Begin XCConfigurationList section */
		25FCBD7E25F976C30097FC20 /* Build configuration list for PBXProject "TreasureHunt" */ = {
			isa = XCConfigurationList;
			buildConfigurations = (
				25FCBDAB25F976C40097FC20 /* Debug */,
				25FCBDAC25F976C40097FC20 /* Release */,
			);
			defaultConfigurationIsVisible = 0;
			defaultConfigurationName = Release;
		};
		25FCBDAD25F976C40097FC20 /* Build configuration list for PBXNativeTarget "TreasureHunt" */ = {
			isa = XCConfigurationList;
			buildConfigurations = (
				25FCBDAE25F976C40097FC20 /* Debug */,
				25FCBDAF25F976C40097FC20 /* Release */,
			);
			defaultConfigurationIsVisible = 0;
			defaultConfigurationName = Release;
		};
		25FCBDB025F976C40097FC20 /* Build configuration list for PBXNativeTarget "TreasureHuntTests" */ = {
			isa = XCConfigurationList;
			buildConfigurations = (
				25FCBDB125F976C40097FC20 /* Debug */,
				25FCBDB225F976C40097FC20 /* Release */,
			);
			defaultConfigurationIsVisible = 0;
			defaultConfigurationName = Release;
		};
		25FCBDB325F976C40097FC20 /* Build configuration list for PBXNativeTarget "TreasureHuntUITests" */ = {
			isa = XCConfigurationList;
			buildConfigurations = (
				25FCBDB425F976C40097FC20 /* Debug */,
				25FCBDB525F976C40097FC20 /* Release */,
			);
			defaultConfigurationIsVisible = 0;
			defaultConfigurationName = Release;
		};
/* End XCConfigurationList section */
	};
	rootObject = 25FCBD7B25F976C30097FC20 /* Project object */;
}
